
Microsoft Visual Studio Solution File, Format Version 12.00
# Visual Studio Version 17
VisualStudioVersion = 17.7.34031.279
MinimumVisualStudioVersion = 10.0.40219.1
Project("{9A19103F-16F7-4668-BE54-9A1E7A4F7556}") = "PFCPractice", "PFCPractice\PFCPractice.csproj", "{E548ED26-7FA6-4B8F-AAAE-9434C56806BA}"
EndProject
Project("{9A19103F-16F7-4668-BE54-9A1E7A4F7556}") = "LoopingPractice", "LoopingPractice\LoopingPractice.csproj", "{3086878D-F456-484A-9322-8D1C3AC4E10F}"
EndProject
Project("{9A19103F-16F7-4668-BE54-9A1E7A4F7556}") = "OOPPractice", "OOPPractice\OOPPractice.csproj", "{0BA20A78-EDAF-41B6-8B27-418C930E5F0F}"
EndProject
Project("{9A19103F-16F7-4668-BE54-9A1E7A4F7556}") = "OOPDay2", "OOPDay2\OOPDay2.csproj", "{75D94878-71AE-4AF2-B01F-3EBF5783D90F}"
EndProject
Project("{9A19103F-16F7-4668-BE54-9A1E7A4F7556}") = "FirstMVCDemo", "FirstMVCDemo\FirstMVCDemo.csproj", "{B2C7523D-B86C-4F62-97C3-52945927F33A}"
EndProject
Project("{FAE04EC0-301F-11D3-BF4B-00C04F79EFBC}") = "WorkOut", "WorkOut\WorkOut.csproj", "{A6FE9CB7-34CD-462A-AB94-CAE3751FCECD}"
EndProject
Global
	GlobalSection(SolutionConfigurationPlatforms) = preSolution
		Debug|Any CPU = Debug|Any CPU
		Release|Any CPU = Release|Any CPU
	EndGlobalSection
	GlobalSection(ProjectConfigurationPlatforms) = postSolution
		{E548ED26-7FA6-4B8F-AAAE-9434C56806BA}.Debug|Any CPU.ActiveCfg = Debug|Any CPU
		{E548ED26-7FA6-4B8F-AAAE-9434C56806BA}.Debug|Any CPU.Build.0 = Debug|Any CPU
		{E548ED26-7FA6-4B8F-AAAE-9434C56806BA}.Release|Any CPU.ActiveCfg = Release|Any CPU
		{E548ED26-7FA6-4B8F-AAAE-9434C56806BA}.Release|Any CPU.Build.0 = Release|Any CPU
		{3086878D-F456-484A-9322-8D1C3AC4E10F}.Debug|Any CPU.ActiveCfg = Debug|Any CPU
		{3086878D-F456-484A-9322-8D1C3AC4E10F}.Debug|Any CPU.Build.0 = Debug|Any CPU
		{3086878D-F456-484A-9322-8D1C3AC4E10F}.Release|Any CPU.ActiveCfg = Release|Any CPU
		{3086878D-F456-484A-9322-8D1C3AC4E10F}.Release|Any CPU.Build.0 = Release|Any CPU
		{0BA20A78-EDAF-41B6-8B27-418C930E5F0F}.Debug|Any CPU.ActiveCfg = Debug|Any CPU
		{0BA20A78-EDAF-41B6-8B27-418C930E5F0F}.Debug|Any CPU.Build.0 = Debug|Any CPU
		{0BA20A78-EDAF-41B6-8B27-418C930E5F0F}.Release|Any CPU.ActiveCfg = Release|Any CPU
		{0BA20A78-EDAF-41B6-8B27-418C930E5F0F}.Release|Any CPU.Build.0 = Release|Any CPU
		{75D94878-71AE-4AF2-B01F-3EBF5783D90F}.Debug|Any CPU.ActiveCfg = Debug|Any CPU
		{75D94878-71AE-4AF2-B01F-3EBF5783D90F}.Debug|Any CPU.Build.0 = Debug|Any CPU
		{75D94878-71AE-4AF2-B01F-3EBF5783D90F}.Release|Any CPU.ActiveCfg = Release|Any CPU
		{75D94878-71AE-4AF2-B01F-3EBF5783D90F}.Release|Any CPU.Build.0 = Release|Any CPU
		{B2C7523D-B86C-4F62-97C3-52945927F33A}.Debug|Any CPU.ActiveCfg = Debug|Any CPU
		{B2C7523D-B86C-4F62-97C3-52945927F33A}.Debug|Any CPU.Build.0 = Debug|Any CPU
		{B2C7523D-B86C-4F62-97C3-52945927F33A}.Release|Any CPU.ActiveCfg = Release|Any CPU
		{B2C7523D-B86C-4F62-97C3-52945927F33A}.Release|Any CPU.Build.0 = Release|Any CPU
		{A6FE9CB7-34CD-462A-AB94-CAE3751FCECD}.Debug|Any CPU.ActiveCfg = Debug|Any CPU
		{A6FE9CB7-34CD-462A-AB94-CAE3751FCECD}.Debug|Any CPU.Build.0 = Debug|Any CPU
		{A6FE9CB7-34CD-462A-AB94-CAE3751FCECD}.Release|Any CPU.ActiveCfg = Release|Any CPU
		{A6FE9CB7-34CD-462A-AB94-CAE3751FCECD}.Release|Any CPU.Build.0 = Release|Any CPU
	EndGlobalSection
	GlobalSection(SolutionProperties) = preSolution
		HideSolutionNode = FALSE
	EndGlobalSection
	GlobalSection(ExtensibilityGlobals) = postSolution
		SolutionGuid = {EFFDB56B-0FD0-45A5-B4FF-4EFEB0B582C7}
	EndGlobalSection
EndGlobal
